// !$*UTF8*$!
{
	archiveVersion = 1;
	classes = {
	};
	objectVersion = 46;
	objects = {

/* Begin PBXBuildFile section */
		D08B0BD31B65FCB700F3A974 /* main.m in Sources */ = {isa = PBXBuildFile; fileRef = D08B0BD21B65FCB700F3A974 /* main.m */; };
		D08B0BD61B65FCB700F3A974 /* AppDelegate.m in Sources */ = {isa = PBXBuildFile; fileRef = D08B0BD51B65FCB700F3A974 /* AppDelegate.m */; };
		D08B0BD91B65FCB700F3A974 /* ViewController.m in Sources */ = {isa = PBXBuildFile; fileRef = D08B0BD81B65FCB700F3A974 /* ViewController.m */; };
		D08B0BDC1B65FCB700F3A974 /* Main.storyboard in Resources */ = {isa = PBXBuildFile; fileRef = D08B0BDA1B65FCB700F3A974 /* Main.storyboard */; };
		D08B0BDE1B65FCB700F3A974 /* Images.xcassets in Resources */ = {isa = PBXBuildFile; fileRef = D08B0BDD1B65FCB700F3A974 /* Images.xcassets */; };
		D08B0BE11B65FCB700F3A974 /* LaunchScreen.xib in Resources */ = {isa = PBXBuildFile; fileRef = D08B0BDF1B65FCB700F3A974 /* LaunchScreen.xib */; };
		D08B0BED1B65FCB700F3A974 /* GitHubTestTests.m in Sources */ = {isa = PBXBuildFile; fileRef = D08B0BEC1B65FCB700F3A974 /* GitHubTestTests.m */; };
/* End PBXBuildFile section */

/* Begin PBXContainerItemProxy section */
		D08B0BE71B65FCB700F3A974 /* PBXContainerItemProxy */ = {
			isa = PBXContainerItemProxy;
			containerPortal = D08B0BC51B65FCB700F3A974 /* Project object */;
			proxyType = 1;
			remoteGlobalIDString = D08B0BCC1B65FCB700F3A974;
			remoteInfo = GitHubTest;
		};
/* End PBXContainerItemProxy section */

/* Begin PBXFileReference section */
		D08B0BCD1B65FCB700F3A974 /* GitHubTest.app */ = {isa = PBXFileReference; explicitFileType = wrapper.application; includeInIndex = 0; path = GitHubTest.app; sourceTree = BUILT_PRODUCTS_DIR; };
		D08B0BD11B65FCB700F3A974 /* Info.plist */ = {isa = PBXFileReference; lastKnownFileType = text.plist.xml; path = Info.plist; sourceTree = "<group>"; };
		D08B0BD21B65FCB700F3A974 /* main.m */ = {isa = PBXFileReference; lastKnownFileType = sourcecode.c.objc; path = main.m; sourceTree = "<group>"; };
		D08B0BD41B65FCB700F3A974 /* AppDelegate.h */ = {isa = PBXFileReference; lastKnownFileType = sourcecode.c.h; path = AppDelegate.h; sourceTree = "<group>"; };
		D08B0BD51B65FCB700F3A974 /* AppDelegate.m */ = {isa = PBXFileReference; lastKnownFileType = sourcecode.c.objc; path = AppDelegate.m; sourceTree = "<group>"; };
		D08B0BD71B65FCB700F3A974 /* ViewController.h */ = {isa = PBXFileReference; lastKnownFileType = sourcecode.c.h; path = ViewController.h; sourceTree = "<group>"; };
		D08B0BD81B65FCB700F3A974 /* ViewController.m */ = {isa = PBXFileReference; lastKnownFileType = sourcecode.c.objc; path = ViewController.m; sourceTree = "<group>"; };
		D08B0BDB1B65FCB700F3A974 /* Base */ = {isa = PBXFileReference; lastKnownFileType = file.storyboard; name = Base; path = Base.lproj/Main.storyboard; sourceTree = "<group>"; };
		D08B0BDD1B65FCB700F3A974 /* Images.xcassets */ = {isa = PBXFileReference; lastKnownFileType = folder.assetcatalog; path = Images.xcassets; sourceTree = "<group>"; };
		D08B0BE01B65FCB700F3A974 /* Base */ = {isa = PBXFileReference; lastKnownFileType = file.xib; name = Base; path = Base.lproj/LaunchScreen.xib; sourceTree = "<group>"; };
		D08B0BE61B65FCB700F3A974 /* GitHubTestTests.xctest */ = {isa = PBXFileReference; explicitFileType = wrapper.cfbundle; includeInIndex = 0; path = GitHubTestTests.xctest; sourceTree = BUILT_PRODUCTS_DIR; };
		D08B0BEB1B65FCB700F3A974 /* Info.plist */ = {isa = PBXFileReference; lastKnownFileType = text.plist.xml; path = Info.plist; sourceTree = "<group>"; };
		D08B0BEC1B65FCB700F3A974 /* GitHubTestTests.m */ = {isa = PBXFileReference; lastKnownFileType = sourcecode.c.objc; path = GitHubTestTests.m; sourceTree = "<group>"; };
/* End PBXFileReference section */

/* Begin PBXFrameworksBuildPhase section */
		D08B0BCA1B65FCB700F3A974 /* Frameworks */ = {
			isa = PBXFrameworksBuildPhase;
			buildActionMask = 2147483647;
			files = (
			);
			runOnlyForDeploymentPostprocessing = 0;
		};
		D08B0BE31B65FCB700F3A974 /* Frameworks */ = {
			isa = PBXFrameworksBuildPhase;
			buildActionMask = 2147483647;
			files = (
			);
			runOnlyForDeploymentPostprocessing = 0;
		};
/* End PBXFrameworksBuildPhase section */

/* Begin PBXGroup section */
		D08B0BC41B65FCB700F3A974 = {
			isa = PBXGroup;
			children = (
				D08B0BCF1B65FCB700F3A974 /* GitHubTest */,
				D08B0BE91B65FCB700F3A974 /* GitHubTestTests */,
				D08B0BCE1B65FCB700F3A974 /* Products */,
			);
			sourceTree = "<group>";
		};
		D08B0BCE1B65FCB700F3A974 /* Products */ = {
			isa = PBXGroup;
			children = (
				D08B0BCD1B65FCB700F3A974 /* GitHubTest.app */,
				D08B0BE61B65FCB700F3A974 /* GitHubTestTests.xctest */,
			);
			name = Products;
			sourceTree = "<group>";
		};
		D08B0BCF1B65FCB700F3A974 /* GitHubTest */ = {
			isa = PBXGroup;
			children = (
				D08B0BD41B65FCB700F3A974 /* AppDelegate.h */,
				D08B0BD51B65FCB700F3A974 /* AppDelegate.m */,
				D08B0BD71B65FCB700F3A974 /* ViewController.h */,
				D08B0BD81B65FCB700F3A974 /* ViewController.m */,
				D08B0BDA1B65FCB700F3A974 /* Main.storyboard */,
				D08B0BDD1B65FCB700F3A974 /* Images.xcassets */,
				D08B0BDF1B65FCB700F3A974 /* LaunchScreen.xib */,
				D08B0BD01B65FCB700F3A974 /* Supporting Files */,
			);
			path = GitHubTest;
			sourceTree = "<group>";
		};
		D08B0BD01B65FCB700F3A974 /* Supporting Files */ = {
			isa = PBXGroup;
			children = (
				D08B0BD11B65FCB700F3A974 /* Info.plist */,
				D08B0BD21B65FCB700F3A974 /* main.m */,
			);
			name = "Supporting Files";
			sourceTree = "<group>";
		};
		D08B0BE91B65FCB700F3A974 /* GitHubTestTests */ = {
			isa = PBXGroup;
			children = (
				D08B0BEC1B65FCB700F3A974 /* GitHubTestTests.m */,
				D08B0BEA1B65FCB700F3A974 /* Supporting Files */,
			);
			path = GitHubTestTests;
			sourceTree = "<group>";
		};
		D08B0BEA1B65FCB700F3A974 /* Supporting Files */ = {
			isa = PBXGroup;
			children = (
				D08B0BEB1B65FCB700F3A974 /* Info.plist */,
			);
			name = "Supporting Files";
			sourceTree = "<group>";
		};
/* End PBXGroup section */

/* Begin PBXNativeTarget section */
		D08B0BCC1B65FCB700F3A974 /* GitHubTest */ = {
			isa = PBXNativeTarget;
			buildConfigurationList = D08B0BF01B65FCB700F3A974 /* Build configuration list for PBXNativeTarget "GitHubTest" */;
			buildPhases = (
				D08B0BC91B65FCB700F3A974 /* Sources */,
				D08B0BCA1B65FCB700F3A974 /* Frameworks */,
				D08B0BCB1B65FCB700F3A974 /* Resources */,
			);
			buildRules = (
			);
			dependencies = (
			);
			name = GitHubTest;
			productName = GitHubTest;
			productReference = D08B0BCD1B65FCB700F3A974 /* GitHubTest.app */;
			productType = "com.apple.product-type.application";
		};
		D08B0BE51B65FCB700F3A974 /* GitHubTestTests */ = {
			isa = PBXNativeTarget;
			buildConfigurationList = D08B0BF31B65FCB700F3A974 /* Build configuration list for PBXNativeTarget "GitHubTestTests" */;
			buildPhases = (
				D08B0BE21B65FCB700F3A974 /* Sources */,
				D08B0BE31B65FCB700F3A974 /* Frameworks */,
				D08B0BE41B65FCB700F3A974 /* Resources */,
			);
			buildRules = (
			);
			dependencies = (
				D08B0BE81B65FCB700F3A974 /* PBXTargetDependency */,
			);
			name = GitHubTestTests;
			productName = GitHubTestTests;
			productReference = D08B0BE61B65FCB700F3A974 /* GitHubTestTests.xctest */;
			productType = "com.apple.product-type.bundle.unit-test";
		};
/* End PBXNativeTarget section */

/* Begin PBXProject section */
		D08B0BC51B65FCB700F3A974 /* Project object */ = {
			isa = PBXProject;
			attributes = {
				LastUpgradeCheck = 0630;
				ORGANIZATIONNAME = com.wedrive.ios;
				TargetAttributes = {
					D08B0BCC1B65FCB700F3A974 = {
						CreatedOnToolsVersion = 6.3;
					};
					D08B0BE51B65FCB700F3A974 = {
						CreatedOnToolsVersion = 6.3;
						TestTargetID = D08B0BCC1B65FCB700F3A974;
					};
				};
			};
			buildConfigurationList = D08B0BC81B65FCB700F3A974 /* Build configuration list for PBXProject "GitHubTest" */;
			compatibilityVersion = "Xcode 3.2";
			developmentRegion = English;
			hasScannedForEncodings = 0;
			knownRegions = (
				en,
				Base,
			);
			mainGroup = D08B0BC41B65FCB700F3A974;
			productRefGroup = D08B0BCE1B65FCB700F3A974 /* Products */;
			projectDirPath = "";
			projectRoot = "";
			targets = (
				D08B0BCC1B65FCB700F3A974 /* GitHubTest */,
				D08B0BE51B65FCB700F3A974 /* GitHubTestTests */,
			);
		};
/* End PBXProject section */

/* Begin PBXResourcesBuildPhase section */
		D08B0BCB1B65FCB700F3A974 /* Resources */ = {
			isa = PBXResourcesBuildPhase;
			buildActionMask = 2147483647;
			files = (
				D08B0BDC1B65FCB700F3A974 /* Main.storyboard in Resources */,
				D08B0BE11B65FCB700F3A974 /* LaunchScreen.xib in Resources */,
				D08B0BDE1B65FCB700F3A974 /* Images.xcassets in Resources */,
			);
			runOnlyForDeploymentPostprocessing = 0;
		};
		D08B0BE41B65FCB700F3A974 /* Resources */ = {
			isa = PBXResourcesBuildPhase;
			buildActionMask = 2147483647;
			files = (
			);
			runOnlyForDeploymentPostprocessing = 0;
		};
/* End PBXResourcesBuildPhase section */

/* Begin PBXSourcesBuildPhase section */
		D08B0BC91B65FCB700F3A974 /* Sources */ = {
			isa = PBXSourcesBuildPhase;
			buildActionMask = 2147483647;
			files = (
				D08B0BD91B65FCB700F3A974 /* ViewController.m in Sources */,
				D08B0BD61B65FCB700F3A974 /* AppDelegate.m in Sources */,
				D08B0BD31B65FCB700F3A974 /* main.m in Sources */,
			);
			runOnlyForDeploymentPostprocessing = 0;
		};
		D08B0BE21B65FCB700F3A974 /* Sources */ = {
			isa = PBXSourcesBuildPhase;
			buildActionMask = 2147483647;
			files = (
				D08B0BED1B65FCB700F3A974 /* GitHubTestTests.m in Sources */,
			);
			runOnlyForDeploymentPostprocessing = 0;
		};
/* End PBXSourcesBuildPhase section */

/* Begin PBXTargetDependency section */
		D08B0BE81B65FCB700F3A974 /* PBXTargetDependency */ = {
			isa = PBXTargetDependency;
			target = D08B0BCC1B65FCB700F3A974 /* GitHubTest */;
			targetProxy = D08B0BE71B65FCB700F3A974 /* PBXContainerItemProxy */;
		};
/* End PBXTargetDependency section */

/* Begin PBXVariantGroup section */
		D08B0BDA1B65FCB700F3A974 /* Main.storyboard */ = {
			isa = PBXVariantGroup;
			children = (
				D08B0BDB1B65FCB700F3A974 /* Base */,
			);
			name = Main.storyboard;
			sourceTree = "<group>";
		};
		D08B0BDF1B65FCB700F3A974 /* LaunchScreen.xib */ = {
			isa = PBXVariantGroup;
			children = (
				D08B0BE01B65FCB700F3A974 /* Base */,
			);
			name = LaunchScreen.xib;
			sourceTree = "<group>";
		};
/* End PBXVariantGroup section */

/* Begin XCBuildConfiguration section */
		D08B0BEE1B65FCB700F3A974 /* Debug */ = {
			isa = XCBuildConfiguration;
			buildSettings = {
				ALWAYS_SEARCH_USER_PATHS = NO;
				CLANG_CXX_LANGUAGE_STANDARD = "gnu++0x";
				CLANG_CXX_LIBRARY = "libc++";
				CLANG_ENABLE_MODULES = YES;
				CLANG_ENABLE_OBJC_ARC = YES;
				CLANG_WARN_BOOL_CONVERSION = YES;
				CLANG_WARN_CONSTANT_CONVERSION = YES;
				CLANG_WARN_DIRECT_OBJC_ISA_USAGE = YES_ERROR;
				CLANG_WARN_EMPTY_BODY = YES;
				CLANG_WARN_ENUM_CONVERSION = YES;
				CLANG_WARN_INT_CONVERSION = YES;
				CLANG_WARN_OBJC_ROOT_CLASS = YES_ERROR;
				CLANG_WARN_UNREACHABLE_CODE = YES;
				CLANG_WARN__DUPLICATE_METHOD_MATCH = YES;
				"CODE_SIGN_IDENTITY[sdk=iphoneos*]" = "iPhone Developer";
				COPY_PHASE_STRIP = NO;
				DEBUG_INFORMATION_FORMAT = "dwarf-with-dsym";
				ENABLE_STRICT_OBJC_MSGSEND = YES;
				GCC_C_LANGUAGE_STANDARD = gnu99;
				GCC_DYNAMIC_NO_PIC = NO;
				GCC_NO_COMMON_BLOCKS = YES;
				GCC_OPTIMIZATION_LEVEL = 0;
				GCC_PREPROCESSOR_DEFINITIONS = (
					"DEBUG=1",
					"$(inherited)",
				);
				GCC_SYMBOLS_PRIVATE_EXTERN = NO;
				GCC_WARN_64_TO_32_BIT_CONVERSION = YES;
				GCC_WARN_ABOUT_RETURN_TYPE = YES_ERROR;
				GCC_WARN_UNDECLARED_SELECTOR = YES;
				GCC_WARN_UNINITIALIZED_AUTOS = YES_AGGRESSIVE;
				GCC_WARN_UNUSED_FUNCTION = YES;
				GCC_WARN_UNUSED_VARIABLE = YES;
				IPHONEOS_DEPLOYMENT_TARGET = 8.3;
				MTL_ENABLE_DEBUG_INFO = YES;
				ONLY_ACTIVE_ARCH = YES;
				SDKROOT = iphoneos;
				TARGETED_DEVICE_FAMILY = "1,2";
			};
			name = Debug;
		};
		D08B0BEF1B65FCB700F3A974 /* Release */ = {
			isa = XCBuildConfiguration;
			buildSettings = {
				ALWAYS_SEARCH_USER_PATHS = NO;
				CLANG_CXX_LANGUAGE_STANDARD = "gnu++0x";
				CLANG_CXX_LIBRARY = "libc++";
				CLANG_ENABLE_MODULES = YES;
				CLANG_ENABLE_OBJC_ARC = YES;
				CLANG_WARN_BOOL_CONVERSION = YES;
				CLANG_WARN_CONSTANT_CONVERSION = YES;
				CLANG_WARN_DIRECT_OBJC_ISA_USAGE = YES_ERROR;
				CLANG_WARN_EMPTY_BODY = YES;
				CLANG_WARN_ENUM_CONVERSION = YES;
				CLANG_WARN_INT_CONVERSION = YES;
				CLANG_WARN_OBJC_ROOT_CLASS = YES_ERROR;
				CLANG_WARN_UNREACHABLE_CODE = YES;
				CLANG_WARN__DUPLICATE_METHOD_MATCH = YES;
				"CODE_SIGN_IDENTITY[sdk=iphoneos*]" = "iPhone Developer";
				COPY_PHASE_STRIP = NO;
				DEBUG_INFORMATION_FORMAT = "dwarf-with-dsym";
				ENABLE_NS_ASSERTIONS = NO;
				ENABLE_STRICT_OBJC_MSGSEND = YES;
				GCC_C_LANGUAGE_STANDARD = gnu99;
				GCC_NO_COMMON_BLOCKS = YES;
				GCC_WARN_64_TO_32_BIT_CONVERSION = YES;
				GCC_WARN_ABOUT_RETURN_TYPE = YES_ERROR;
				GCC_WARN_UNDECLARED_SELECTOR = YES;
				GCC_WARN_UNINITIALIZED_AUTOS = YES_AGGRESSIVE;
				GCC_WARN_UNUSED_FUNCTION = YES;
				GCC_WARN_UNUSED_VARIABLE = YES;
				IPHONEOS_DEPLOYMENT_TARGET = 8.3;
				MTL_ENABLE_DEBUG_INFO = NO;
				SDKROOT = iphoneos;
				TARGETED_DEVICE_FAMILY = "1,2";
				VALIDATE_PRODUCT = YES;
			};
			name = Release;
		};
		D08B0BF11B65FCB700F3A974 /* Debug */ = {
			isa = XCBuildConfiguration;
			buildSettings = {
				ASSETCATALOG_COMPILER_APPICON_NAME = AppIcon;
				INFOPLIST_FILE = GitHubTest/Info.plist;
				LD_RUNPATH_SEARCH_PATHS = "$(inherited) @executable_path/Frameworks";
				PRODUCT_NAME = "$(TARGET_NAME)";
			};
			name = Debug;
		};
		D08B0BF21B65FCB700F3A974 /* Release */ = {
			isa = XCBuildConfiguration;
			buildSettings = {
				ASSETCATALOG_COMPILER_APPICON_NAME = AppIcon;
				INFOPLIST_FILE = GitHubTest/Info.plist;
				LD_RUNPATH_SEARCH_PATHS = "$(inherited) @executable_path/Frameworks";
				PRODUCT_NAME = "$(TARGET_NAME)";
			};
			name = Release;
		};
		D08B0BF41B65FCB700F3A974 /* Debug */ = {
			isa = XCBuildConfiguration;
			buildSettings = {
				BUNDLE_LOADER = "$(TEST_HOST)";
				FRAMEWORK_SEARCH_PATHS = (
					"$(SDKROOT)/Developer/Library/Frameworks",
					"$(inherited)",
				);
				GCC_PREPROCESSOR_DEFINITIONS = (
					"DEBUG=1",
					"$(inherited)",
				);
				INFOPLIST_FILE = GitHubTestTests/Info.plist;
				LD_RUNPATH_SEARCH_PATHS = "$(inherited) @executable_path/Frameworks @loader_path/Frameworks";
				PRODUCT_NAME = "$(TARGET_NAME)";
				TEST_HOST = "$(BUILT_PRODUCTS_DIR)/GitHubTest.app/GitHubTest";
			};
			name = Debug;
		};
		D08B0BF51B65FCB700F3A974 /* Release */ = {
			isa = XCBuildConfiguration;
			buildSettings = {
				BUNDLE_LOADER = "$(TEST_HOST)";
				FRAMEWORK_SEARCH_PATHS = (
					"$(SDKROOT)/Developer/Library/Frameworks",
					"$(inherited)",
				);
				INFOPLIST_FILE = GitHubTestTests/Info.plist;
				LD_RUNPATH_SEARCH_PATHS = "$(inherited) @executable_path/Frameworks @loader_path/Frameworks";
				PRODUCT_NAME = "$(TARGET_NAME)";
				TEST_HOST = "$(BUILT_PRODUCTS_DIR)/GitHubTest.app/GitHubTest";
			};
			name = Release;
		};
/* End XCBuildConfiguration section */

/* Begin XCConfigurationList section */
		D08B0BC81B65FCB700F3A974 /* Build configuration list for PBXProject "GitHubTest" */ = {
			isa = XCConfigurationList;
			buildConfigurations = (
				D08B0BEE1B65FCB700F3A974 /* Debug */,
				D08B0BEF1B65FCB700F3A974 /* Release */,
			);
			defaultConfigurationIsVisible = 0;
			defaultConfigurationName = Release;
		};
		D08B0BF01B65FCB700F3A974 /* Build configuration list for PBXNativeTarget "GitHubTest" */ = {
			isa = XCConfigurationList;
			buildConfigurations = (
				D08B0BF11B65FCB700F3A974 /* Debug */,
				D08B0BF21B65FCB700F3A974 /* Release */,
			);
			defaultConfigurationIsVisible = 0;
		};
		D08B0BF31B65FCB700F3A974 /* Build configuration list for PBXNativeTarget "GitHubTestTests" */ = {
			isa = XCConfigurationList;
			buildConfigurations = (
				D08B0BF41B65FCB700F3A974 /* Debug */,
				D08B0BF51B65FCB700F3A974 /* Release */,
			);
			defaultConfigurationIsVisible = 0;
		};
/* End XCConfigurationList section */
	};
	rootObject = D08B0BC51B65FCB700F3A974 /* Project object */;
}
